
Microsoft Visual Studio Solution File, Format Version 12.00
# Visual Studio Version 16
VisualStudioVersion = 16.0.32413.511
MinimumVisualStudioVersion = 10.0.40219.1
Project("{FAE04EC0-301F-11D3-BF4B-00C04F79EFBC}") = "WCFEmployee_Service", "WCFEmployee_Service\WCFEmployee_Service.csproj", "{F44002C2-F704-40C5-8A20-A2562A244598}"
EndProject
Global
	GlobalSection(SolutionConfigurationPlatforms) = preSolution
		Debug|Any CPU = Debug|Any CPU
		Release|Any CPU = Release|Any CPU
	EndGlobalSection
	GlobalSection(ProjectConfigurationPlatforms) = postSolution
		{F44002C2-F704-40C5-8A20-A2562A244598}.Debug|Any CPU.ActiveCfg = Debug|Any CPU
		{F44002C2-F704-40C5-8A20-A2562A244598}.Debug|Any CPU.Build.0 = Debug|Any CPU
		{F44002C2-F704-40C5-8A20-A2562A244598}.Release|Any CPU.ActiveCfg = Release|Any CPU
		{F44002C2-F704-40C5-8A20-A2562A244598}.Release|Any CPU.Build.0 = Release|Any CPU
	EndGlobalSection
	GlobalSection(SolutionProperties) = preSolution
		HideSolutionNode = FALSE
	EndGlobalSection
	GlobalSection(ExtensibilityGlobals) = postSolution
		SolutionGuid = {A516310C-3DAD-4523-9820-854A01535A25}
	EndGlobalSection
EndGlobal
